// !$*UTF8*$!
{
	archiveVersion = 1;
	classes = {
	};
	objectVersion = 50;
	objects = {

/* Begin PBXBuildFile section */
		FA315A1B21C9990200113FFF /* AppDelegate.swift in Sources */ = {isa = PBXBuildFile; fileRef = FA315A1A21C9990200113FFF /* AppDelegate.swift */; };
		FA315A1D21C9990200113FFF /* TodoListViewController.swift in Sources */ = {isa = PBXBuildFile; fileRef = FA315A1C21C9990200113FFF /* TodoListViewController.swift */; };
		FA315A2021C9990200113FFF /* Main.storyboard in Resources */ = {isa = PBXBuildFile; fileRef = FA315A1E21C9990200113FFF /* Main.storyboard */; };
		FA315A2221C9990300113FFF /* Assets.xcassets in Resources */ = {isa = PBXBuildFile; fileRef = FA315A2121C9990300113FFF /* Assets.xcassets */; };
		FA315A2521C9990300113FFF /* LaunchScreen.storyboard in Resources */ = {isa = PBXBuildFile; fileRef = FA315A2321C9990300113FFF /* LaunchScreen.storyboard */; };
		FA4217EC21E6A56D00BE7946 /* DataModel.xcdatamodeld in Sources */ = {isa = PBXBuildFile; fileRef = FA4217EA21E6A56D00BE7946 /* DataModel.xcdatamodeld */; };
		FA4217EE21E6A7D400BE7946 /* CategoryTableViewController.swift in Sources */ = {isa = PBXBuildFile; fileRef = FA4217ED21E6A7D400BE7946 /* CategoryTableViewController.swift */; };
/* End PBXBuildFile section */

/* Begin PBXFileReference section */
		FA315A1721C9990200113FFF /* Todoey.app */ = {isa = PBXFileReference; explicitFileType = wrapper.application; includeInIndex = 0; path = Todoey.app; sourceTree = BUILT_PRODUCTS_DIR; };
		FA315A1A21C9990200113FFF /* AppDelegate.swift */ = {isa = PBXFileReference; lastKnownFileType = sourcecode.swift; path = AppDelegate.swift; sourceTree = "<group>"; };
		FA315A1C21C9990200113FFF /* TodoListViewController.swift */ = {isa = PBXFileReference; lastKnownFileType = sourcecode.swift; path = TodoListViewController.swift; sourceTree = "<group>"; };
		FA315A1F21C9990200113FFF /* Base */ = {isa = PBXFileReference; lastKnownFileType = file.storyboard; name = Base; path = Base.lproj/Main.storyboard; sourceTree = "<group>"; };
		FA315A2121C9990300113FFF /* Assets.xcassets */ = {isa = PBXFileReference; lastKnownFileType = folder.assetcatalog; path = Assets.xcassets; sourceTree = "<group>"; };
		FA315A2421C9990300113FFF /* Base */ = {isa = PBXFileReference; lastKnownFileType = file.storyboard; name = Base; path = Base.lproj/LaunchScreen.storyboard; sourceTree = "<group>"; };
		FA315A2621C9990300113FFF /* Info.plist */ = {isa = PBXFileReference; lastKnownFileType = text.plist.xml; path = Info.plist; sourceTree = "<group>"; };
		FA4217EB21E6A56D00BE7946 /* DataModel.xcdatamodel */ = {isa = PBXFileReference; lastKnownFileType = wrapper.xcdatamodel; path = DataModel.xcdatamodel; sourceTree = "<group>"; };
		FA4217ED21E6A7D400BE7946 /* CategoryTableViewController.swift */ = {isa = PBXFileReference; lastKnownFileType = sourcecode.swift; path = CategoryTableViewController.swift; sourceTree = "<group>"; };
/* End PBXFileReference section */

/* Begin PBXFrameworksBuildPhase section */
		FA315A1421C9990200113FFF /* Frameworks */ = {
			isa = PBXFrameworksBuildPhase;
			buildActionMask = 2147483647;
			files = (
			);
			runOnlyForDeploymentPostprocessing = 0;
		};
/* End PBXFrameworksBuildPhase section */

/* Begin PBXGroup section */
		FA315A0E21C9990200113FFF = {
			isa = PBXGroup;
			children = (
				FA315A1921C9990200113FFF /* Todoey */,
				FA315A1821C9990200113FFF /* Products */,
			);
			sourceTree = "<group>";
		};
		FA315A1821C9990200113FFF /* Products */ = {
			isa = PBXGroup;
			children = (
				FA315A1721C9990200113FFF /* Todoey.app */,
			);
			name = Products;
			sourceTree = "<group>";
		};
		FA315A1921C9990200113FFF /* Todoey */ = {
			isa = PBXGroup;
			children = (
				FA315A1A21C9990200113FFF /* AppDelegate.swift */,
				FA6EC83921CC4360000DA7C6 /* Controllers */,
				FA6EC83821CC42DD000DA7C6 /* Data Model */,
				FA6EC83A21CC4390000DA7C6 /* Views */,
				FA6EC83B21CC43F6000DA7C6 /* Supporting Files */,
				FA315A2621C9990300113FFF /* Info.plist */,
			);
			path = Todoey;
			sourceTree = "<group>";
		};
		FA6EC83821CC42DD000DA7C6 /* Data Model */ = {
			isa = PBXGroup;
			children = (
				FA4217EA21E6A56D00BE7946 /* DataModel.xcdatamodeld */,
			);
			path = "Data Model";
			sourceTree = "<group>";
		};
		FA6EC83921CC4360000DA7C6 /* Controllers */ = {
			isa = PBXGroup;
			children = (
				FA4217ED21E6A7D400BE7946 /* CategoryTableViewController.swift */,
				FA315A1C21C9990200113FFF /* TodoListViewController.swift */,
			);
			path = Controllers;
			sourceTree = "<group>";
		};
		FA6EC83A21CC4390000DA7C6 /* Views */ = {
			isa = PBXGroup;
			children = (
				FA315A1E21C9990200113FFF /* Main.storyboard */,
			);
			path = Views;
			sourceTree = "<group>";
		};
		FA6EC83B21CC43F6000DA7C6 /* Supporting Files */ = {
			isa = PBXGroup;
			children = (
				FA315A2321C9990300113FFF /* LaunchScreen.storyboard */,
				FA315A2121C9990300113FFF /* Assets.xcassets */,
			);
			path = "Supporting Files";
			sourceTree = "<group>";
		};
/* End PBXGroup section */

/* Begin PBXNativeTarget section */
		FA315A1621C9990200113FFF /* Todoey */ = {
			isa = PBXNativeTarget;
			buildConfigurationList = FA315A2921C9990300113FFF /* Build configuration list for PBXNativeTarget "Todoey" */;
			buildPhases = (
				FA315A1321C9990200113FFF /* Sources */,
				FA315A1421C9990200113FFF /* Frameworks */,
				FA315A1521C9990200113FFF /* Resources */,
			);
			buildRules = (
			);
			dependencies = (
			);
			name = Todoey;
			productName = Todoey;
			productReference = FA315A1721C9990200113FFF /* Todoey.app */;
			productType = "com.apple.product-type.application";
		};
/* End PBXNativeTarget section */

/* Begin PBXProject section */
		FA315A0F21C9990200113FFF /* Project object */ = {
			isa = PBXProject;
			attributes = {
				LastSwiftUpdateCheck = 1000;
				LastUpgradeCheck = 1000;
				ORGANIZATIONNAME = "Anton De Guia";
				TargetAttributes = {
					FA315A1621C9990200113FFF = {
						CreatedOnToolsVersion = 10.0;
					};
				};
			};
			buildConfigurationList = FA315A1221C9990200113FFF /* Build configuration list for PBXProject "Todoey" */;
			compatibilityVersion = "Xcode 9.3";
			developmentRegion = en;
			hasScannedForEncodings = 0;
			knownRegions = (
				en,
				Base,
			);
			mainGroup = FA315A0E21C9990200113FFF;
			productRefGroup = FA315A1821C9990200113FFF /* Products */;
			projectDirPath = "";
			projectRoot = "";
			targets = (
				FA315A1621C9990200113FFF /* Todoey */,
			);
		};
/* End PBXProject section */

/* Begin PBXResourcesBuildPhase section */
		FA315A1521C9990200113FFF /* Resources */ = {
			isa = PBXResourcesBuildPhase;
			buildActionMask = 2147483647;
			files = (
				FA315A2521C9990300113FFF /* LaunchScreen.storyboard in Resources */,
				FA315A2221C9990300113FFF /* Assets.xcassets in Resources */,
				FA315A2021C9990200113FFF /* Main.storyboard in Resources */,
			);
			runOnlyForDeploymentPostprocessing = 0;
		};
/* End PBXResourcesBuildPhase section */

/* Begin PBXSourcesBuildPhase section */
		FA315A1321C9990200113FFF /* Sources */ = {
			isa = PBXSourcesBuildPhase;
			buildActionMask = 2147483647;
			files = (
				FA315A1D21C9990200113FFF /* TodoListViewController.swift in Sources */,
				FA4217EC21E6A56D00BE7946 /* DataModel.xcdatamodeld in Sources */,
				FA4217EE21E6A7D400BE7946 /* CategoryTableViewController.swift in Sources */,
				FA315A1B21C9990200113FFF /* AppDelegate.swift in Sources */,
			);
			runOnlyForDeploymentPostprocessing = 0;
		};
/* End PBXSourcesBuildPhase section */

/* Begin PBXVariantGroup section */
		FA315A1E21C9990200113FFF /* Main.storyboard */ = {
			isa = PBXVariantGroup;
			children = (
				FA315A1F21C9990200113FFF /* Base */,
			);
			name = Main.storyboard;
			sourceTree = "<group>";
		};
		FA315A2321C9990300113FFF /* LaunchScreen.storyboard */ = {
			isa = PBXVariantGroup;
			children = (
				FA315A2421C9990300113FFF /* Base */,
			);
			name = LaunchScreen.storyboard;
			sourceTree = "<group>";
		};
/* End PBXVariantGroup section */

/* Begin XCBuildConfiguration section */
		FA315A2721C9990300113FFF /* Debug */ = {
			isa = XCBuildConfiguration;
			buildSettings = {
				ALWAYS_SEARCH_USER_PATHS = NO;
				CLANG_ANALYZER_NONNULL = YES;
				CLANG_ANALYZER_NUMBER_OBJECT_CONVERSION = YES_AGGRESSIVE;
				CLANG_CXX_LANGUAGE_STANDARD = "gnu++14";
				CLANG_CXX_LIBRARY = "libc++";
				CLANG_ENABLE_MODULES = YES;
				CLANG_ENABLE_OBJC_ARC = YES;
				CLANG_ENABLE_OBJC_WEAK = YES;
				CLANG_WARN_BLOCK_CAPTURE_AUTORELEASING = YES;
				CLANG_WARN_BOOL_CONVERSION = YES;
				CLANG_WARN_COMMA = YES;
				CLANG_WARN_CONSTANT_CONVERSION = YES;
				CLANG_WARN_DEPRECATED_OBJC_IMPLEMENTATIONS = YES;
				CLANG_WARN_DIRECT_OBJC_ISA_USAGE = YES_ERROR;
				CLANG_WARN_DOCUMENTATION_COMMENTS = YES;
				CLANG_WARN_EMPTY_BODY = YES;
				CLANG_WARN_ENUM_CONVERSION = YES;
				CLANG_WARN_INFINITE_RECURSION = YES;
				CLANG_WARN_INT_CONVERSION = YES;
				CLANG_WARN_NON_LITERAL_NULL_CONVERSION = YES;
				CLANG_WARN_OBJC_IMPLICIT_RETAIN_SELF = YES;
				CLANG_WARN_OBJC_LITERAL_CONVERSION = YES;
				CLANG_WARN_OBJC_ROOT_CLASS = YES_ERROR;
				CLANG_WARN_RANGE_LOOP_ANALYSIS = YES;
				CLANG_WARN_STRICT_PROTOTYPES = YES;
				CLANG_WARN_SUSPICIOUS_MOVE = YES;
				CLANG_WARN_UNGUARDED_AVAILABILITY = YES_AGGRESSIVE;
				CLANG_WARN_UNREACHABLE_CODE = YES;
				CLANG_WARN__DUPLICATE_METHOD_MATCH = YES;
				CODE_SIGN_IDENTITY = "iPhone Developer";
				COPY_PHASE_STRIP = NO;
				DEBUG_INFORMATION_FORMAT = dwarf;
				ENABLE_STRICT_OBJC_MSGSEND = YES;
				ENABLE_TESTABILITY = YES;
				GCC_C_LANGUAGE_STANDARD = gnu11;
				GCC_DYNAMIC_NO_PIC = NO;
				GCC_NO_COMMON_BLOCKS = YES;
				GCC_OPTIMIZATION_LEVEL = 0;
				GCC_PREPROCESSOR_DEFINITIONS = (
					"DEBUG=1",
					"$(inherited)",
				);
				GCC_WARN_64_TO_32_BIT_CONVERSION = YES;
				GCC_WARN_ABOUT_RETURN_TYPE = YES_ERROR;
				GCC_WARN_UNDECLARED_SELECTOR = YES;
				GCC_WARN_UNINITIALIZED_AUTOS = YES_AGGRESSIVE;
				GCC_WARN_UNUSED_FUNCTION = YES;
				GCC_WARN_UNUSED_VARIABLE = YES;
				IPHONEOS_DEPLOYMENT_TARGET = 12.0;
				MTL_ENABLE_DEBUG_INFO = INCLUDE_SOURCE;
				MTL_FAST_MATH = YES;
				ONLY_ACTIVE_ARCH = YES;
				SDKROOT = iphoneos;
				SWIFT_ACTIVE_COMPILATION_CONDITIONS = DEBUG;
				SWIFT_OPTIMIZATION_LEVEL = "-Onone";
			};
			name = Debug;
		};
		FA315A2821C9990300113FFF /* Release */ = {
			isa = XCBuildConfiguration;
			buildSettings = {
				ALWAYS_SEARCH_USER_PATHS = NO;
				CLANG_ANALYZER_NONNULL = YES;
				CLANG_ANALYZER_NUMBER_OBJECT_CONVERSION = YES_AGGRESSIVE;
				CLANG_CXX_LANGUAGE_STANDARD = "gnu++14";
				CLANG_CXX_LIBRARY = "libc++";
				CLANG_ENABLE_MODULES = YES;
				CLANG_ENABLE_OBJC_ARC = YES;
				CLANG_ENABLE_OBJC_WEAK = YES;
				CLANG_WARN_BLOCK_CAPTURE_AUTORELEASING = YES;
				CLANG_WARN_BOOL_CONVERSION = YES;
				CLANG_WARN_COMMA = YES;
				CLANG_WARN_CONSTANT_CONVERSION = YES;
				CLANG_WARN_DEPRECATED_OBJC_IMPLEMENTATIONS = YES;
				CLANG_WARN_DIRECT_OBJC_ISA_USAGE = YES_ERROR;
				CLANG_WARN_DOCUMENTATION_COMMENTS = YES;
				CLANG_WARN_EMPTY_BODY = YES;
				CLANG_WARN_ENUM_CONVERSION = YES;
				CLANG_WARN_INFINITE_RECURSION = YES;
				CLANG_WARN_INT_CONVERSION = YES;
				CLANG_WARN_NON_LITERAL_NULL_CONVERSION = YES;
				CLANG_WARN_OBJC_IMPLICIT_RETAIN_SELF = YES;
				CLANG_WARN_OBJC_LITERAL_CONVERSION = YES;
				CLANG_WARN_OBJC_ROOT_CLASS = YES_ERROR;
				CLANG_WARN_RANGE_LOOP_ANALYSIS = YES;
				CLANG_WARN_STRICT_PROTOTYPES = YES;
				CLANG_WARN_SUSPICIOUS_MOVE = YES;
				CLANG_WARN_UNGUARDED_AVAILABILITY = YES_AGGRESSIVE;
				CLANG_WARN_UNREACHABLE_CODE = YES;
				CLANG_WARN__DUPLICATE_METHOD_MATCH = YES;
				CODE_SIGN_IDENTITY = "iPhone Developer";
				COPY_PHASE_STRIP = NO;
				DEBUG_INFORMATION_FORMAT = "dwarf-with-dsym";
				ENABLE_NS_ASSERTIONS = NO;
				ENABLE_STRICT_OBJC_MSGSEND = YES;
				GCC_C_LANGUAGE_STANDARD = gnu11;
				GCC_NO_COMMON_BLOCKS = YES;
				GCC_WARN_64_TO_32_BIT_CONVERSION = YES;
				GCC_WARN_ABOUT_RETURN_TYPE = YES_ERROR;
				GCC_WARN_UNDECLARED_SELECTOR = YES;
				GCC_WARN_UNINITIALIZED_AUTOS = YES_AGGRESSIVE;
				GCC_WARN_UNUSED_FUNCTION = YES;
				GCC_WARN_UNUSED_VARIABLE = YES;
				IPHONEOS_DEPLOYMENT_TARGET = 12.0;
				MTL_ENABLE_DEBUG_INFO = NO;
				MTL_FAST_MATH = YES;
				SDKROOT = iphoneos;
				SWIFT_COMPILATION_MODE = wholemodule;
				SWIFT_OPTIMIZATION_LEVEL = "-O";
				VALIDATE_PRODUCT = YES;
			};
			name = Release;
		};
		FA315A2A21C9990300113FFF /* Debug */ = {
			isa = XCBuildConfiguration;
			buildSettings = {
				ASSETCATALOG_COMPILER_APPICON_NAME = AppIcon;
				CODE_SIGN_STYLE = Automatic;
				INFOPLIST_FILE = Todoey/Info.plist;
				LD_RUNPATH_SEARCH_PATHS = (
					"$(inherited)",
					"@executable_path/Frameworks",
				);
				PRODUCT_BUNDLE_IDENTIFIER = com.londonappbrewery.Todoey;
				PRODUCT_NAME = "$(TARGET_NAME)";
				SWIFT_VERSION = 4.2;
				TARGETED_DEVICE_FAMILY = "1,2";
			};
			name = Debug;
		};
		FA315A2B21C9990300113FFF /* Release */ = {
			isa = XCBuildConfiguration;
			buildSettings = {
				ASSETCATALOG_COMPILER_APPICON_NAME = AppIcon;
				CODE_SIGN_STYLE = Automatic;
				INFOPLIST_FILE = Todoey/Info.plist;
				LD_RUNPATH_SEARCH_PATHS = (
					"$(inherited)",
					"@executable_path/Frameworks",
				);
				PRODUCT_BUNDLE_IDENTIFIER = com.londonappbrewery.Todoey;
				PRODUCT_NAME = "$(TARGET_NAME)";
				SWIFT_VERSION = 4.2;
				TARGETED_DEVICE_FAMILY = "1,2";
			};
			name = Release;
		};
/* End XCBuildConfiguration section */

/* Begin XCConfigurationList section */
		FA315A1221C9990200113FFF /* Build configuration list for PBXProject "Todoey" */ = {
			isa = XCConfigurationList;
			buildConfigurations = (
				FA315A2721C9990300113FFF /* Debug */,
				FA315A2821C9990300113FFF /* Release */,
			);
			defaultConfigurationIsVisible = 0;
			defaultConfigurationName = Release;
		};
		FA315A2921C9990300113FFF /* Build configuration list for PBXNativeTarget "Todoey" */ = {
			isa = XCConfigurationList;
			buildConfigurations = (
				FA315A2A21C9990300113FFF /* Debug */,
				FA315A2B21C9990300113FFF /* Release */,
			);
			defaultConfigurationIsVisible = 0;
			defaultConfigurationName = Release;
		};
/* End XCConfigurationList section */

/* Begin XCVersionGroup section */
		FA4217EA21E6A56D00BE7946 /* DataModel.xcdatamodeld */ = {
			isa = XCVersionGroup;
			children = (
				FA4217EB21E6A56D00BE7946 /* DataModel.xcdatamodel */,
			);
			currentVersion = FA4217EB21E6A56D00BE7946 /* DataModel.xcdatamodel */;
			path = DataModel.xcdatamodeld;
			sourceTree = "<group>";
			versionGroupType = wrapper.xcdatamodel;
		};
/* End XCVersionGroup section */
	};
	rootObject = FA315A0F21C9990200113FFF /* Project object */;
}
